// !$*UTF8*$!
{
	archiveVersion = 1;
	classes = {
	};
	objectVersion = 56;
	objects = {

/* Begin PBXBuildFile section */
		233494D52C7AC75C009447A3 /* Stok_TakipApp.swift in Sources */ = {isa = PBXBuildFile; fileRef = 233494D42C7AC75C009447A3 /* Stok_TakipApp.swift */; };
		233494D72C7AC75C009447A3 /* ContentView.swift in Sources */ = {isa = PBXBuildFile; fileRef = 233494D62C7AC75C009447A3 /* ContentView.swift */; };
		233494D92C7AC75C009447A3 /* Item.swift in Sources */ = {isa = PBXBuildFile; fileRef = 233494D82C7AC75C009447A3 /* Item.swift */; };
		233494DB2C7AC75F009447A3 /* Assets.xcassets in Resources */ = {isa = PBXBuildFile; fileRef = 233494DA2C7AC75F009447A3 /* Assets.xcassets */; };
		233494DE2C7AC75F009447A3 /* Preview Assets.xcassets in Resources */ = {isa = PBXBuildFile; fileRef = 233494DD2C7AC75F009447A3 /* Preview Assets.xcassets */; };
		233494E52C7AC8E9009447A3 /* AddStokItemView.swift in Sources */ = {isa = PBXBuildFile; fileRef = 233494E42C7AC8E9009447A3 /* AddStokItemView.swift */; };
		233494E72C7AC937009447A3 /* EditStokItemView.swift in Sources */ = {isa = PBXBuildFile; fileRef = 233494E62C7AC937009447A3 /* EditStokItemView.swift */; };
		233494EB2C7ACF35009447A3 /* BarcodeScannerView.swift in Sources */ = {isa = PBXBuildFile; fileRef = 233494EA2C7ACF35009447A3 /* BarcodeScannerView.swift */; };
/* End PBXBuildFile section */

/* Begin PBXFileReference section */
		233494D12C7AC75C009447A3 /* Stok_Takip.app */ = {isa = PBXFileReference; explicitFileType = wrapper.application; includeInIndex = 0; path = Stok_Takip.app; sourceTree = BUILT_PRODUCTS_DIR; };
		233494D42C7AC75C009447A3 /* Stok_TakipApp.swift */ = {isa = PBXFileReference; lastKnownFileType = sourcecode.swift; path = Stok_TakipApp.swift; sourceTree = "<group>"; };
		233494D62C7AC75C009447A3 /* ContentView.swift */ = {isa = PBXFileReference; lastKnownFileType = sourcecode.swift; path = ContentView.swift; sourceTree = "<group>"; };
		233494D82C7AC75C009447A3 /* Item.swift */ = {isa = PBXFileReference; lastKnownFileType = sourcecode.swift; path = Item.swift; sourceTree = "<group>"; };
		233494DA2C7AC75F009447A3 /* Assets.xcassets */ = {isa = PBXFileReference; lastKnownFileType = folder.assetcatalog; path = Assets.xcassets; sourceTree = "<group>"; };
		233494DD2C7AC75F009447A3 /* Preview Assets.xcassets */ = {isa = PBXFileReference; lastKnownFileType = folder.assetcatalog; path = "Preview Assets.xcassets"; sourceTree = "<group>"; };
		233494E42C7AC8E9009447A3 /* AddStokItemView.swift */ = {isa = PBXFileReference; lastKnownFileType = sourcecode.swift; path = AddStokItemView.swift; sourceTree = "<group>"; };
		233494E62C7AC937009447A3 /* EditStokItemView.swift */ = {isa = PBXFileReference; lastKnownFileType = sourcecode.swift; path = EditStokItemView.swift; sourceTree = "<group>"; };
		233494EA2C7ACF35009447A3 /* BarcodeScannerView.swift */ = {isa = PBXFileReference; lastKnownFileType = sourcecode.swift; path = BarcodeScannerView.swift; sourceTree = "<group>"; };
		233494EC2C7ACFCF009447A3 /* Stok-Takip-Info.plist */ = {isa = PBXFileReference; lastKnownFileType = text.plist; path = "Stok-Takip-Info.plist"; sourceTree = SOURCE_ROOT; };
/* End PBXFileReference section */

/* Begin PBXFrameworksBuildPhase section */
		233494CE2C7AC75B009447A3 /* Frameworks */ = {
			isa = PBXFrameworksBuildPhase;
			buildActionMask = 2147483647;
			files = (
			);
			runOnlyForDeploymentPostprocessing = 0;
		};
/* End PBXFrameworksBuildPhase section */

/* Begin PBXGroup section */
		233494C82C7AC75B009447A3 = {
			isa = PBXGroup;
			children = (
				233494D32C7AC75C009447A3 /* Stok_Takip */,
				233494D22C7AC75C009447A3 /* Products */,
			);
			sourceTree = "<group>";
		};
		233494D22C7AC75C009447A3 /* Products */ = {
			isa = PBXGroup;
			children = (
				233494D12C7AC75C009447A3 /* Stok_Takip.app */,
			);
			name = Products;
			sourceTree = "<group>";
		};
		233494D32C7AC75C009447A3 /* Stok_Takip */ = {
			isa = PBXGroup;
			children = (
				233494EC2C7ACFCF009447A3 /* Stok-Takip-Info.plist */,
				233494E42C7AC8E9009447A3 /* AddStokItemView.swift */,
				233494E62C7AC937009447A3 /* EditStokItemView.swift */,
				233494D42C7AC75C009447A3 /* Stok_TakipApp.swift */,
				233494D62C7AC75C009447A3 /* ContentView.swift */,
				233494EA2C7ACF35009447A3 /* BarcodeScannerView.swift */,
				233494D82C7AC75C009447A3 /* Item.swift */,
				233494DA2C7AC75F009447A3 /* Assets.xcassets */,
				233494DC2C7AC75F009447A3 /* Preview Content */,
			);
			path = Stok_Takip;
			sourceTree = "<group>";
		};
		233494DC2C7AC75F009447A3 /* Preview Content */ = {
			isa = PBXGroup;
			children = (
				233494DD2C7AC75F009447A3 /* Preview Assets.xcassets */,
			);
			path = "Preview Content";
			sourceTree = "<group>";
		};
/* End PBXGroup section */

/* Begin PBXNativeTarget section */
		233494D02C7AC75B009447A3 /* Stok_Takip */ = {
			isa = PBXNativeTarget;
			buildConfigurationList = 233494E12C7AC75F009447A3 /* Build configuration list for PBXNativeTarget "Stok_Takip" */;
			buildPhases = (
				233494CD2C7AC75B009447A3 /* Sources */,
				233494CE2C7AC75B009447A3 /* Frameworks */,
				233494CF2C7AC75B009447A3 /* Resources */,
			);
			buildRules = (
			);
			dependencies = (
			);
			name = Stok_Takip;
			productName = Stok_Takip;
			productReference = 233494D12C7AC75C009447A3 /* Stok_Takip.app */;
			productType = "com.apple.product-type.application";
		};
/* End PBXNativeTarget section */

/* Begin PBXProject section */
		233494C92C7AC75B009447A3 /* Project object */ = {
			isa = PBXProject;
			attributes = {
				BuildIndependentTargetsInParallel = 1;
				LastSwiftUpdateCheck = 1520;
				LastUpgradeCheck = 1520;
				TargetAttributes = {
					233494D02C7AC75B009447A3 = {
						CreatedOnToolsVersion = 15.2;
					};
				};
			};
			buildConfigurationList = 233494CC2C7AC75B009447A3 /* Build configuration list for PBXProject "Stok_Takip" */;
			compatibilityVersion = "Xcode 14.0";
			developmentRegion = en;
			hasScannedForEncodings = 0;
			knownRegions = (
				en,
				Base,
			);
			mainGroup = 233494C82C7AC75B009447A3;
			productRefGroup = 233494D22C7AC75C009447A3 /* Products */;
			projectDirPath = "";
			projectRoot = "";
			targets = (
				233494D02C7AC75B009447A3 /* Stok_Takip */,
			);
		};
/* End PBXProject section */

/* Begin PBXResourcesBuildPhase section */
		233494CF2C7AC75B009447A3 /* Resources */ = {
			isa = PBXResourcesBuildPhase;
			buildActionMask = 2147483647;
			files = (
				233494DE2C7AC75F009447A3 /* Preview Assets.xcassets in Resources */,
				233494DB2C7AC75F009447A3 /* Assets.xcassets in Resources */,
			);
			runOnlyForDeploymentPostprocessing = 0;
		};
/* End PBXResourcesBuildPhase section */

/* Begin PBXSourcesBuildPhase section */
		233494CD2C7AC75B009447A3 /* Sources */ = {
			isa = PBXSourcesBuildPhase;
			buildActionMask = 2147483647;
			files = (
				233494EB2C7ACF35009447A3 /* BarcodeScannerView.swift in Sources */,
				233494E72C7AC937009447A3 /* EditStokItemView.swift in Sources */,
				233494E52C7AC8E9009447A3 /* AddStokItemView.swift in Sources */,
				233494D72C7AC75C009447A3 /* ContentView.swift in Sources */,
				233494D92C7AC75C009447A3 /* Item.swift in Sources */,
				233494D52C7AC75C009447A3 /* Stok_TakipApp.swift in Sources */,
			);
			runOnlyForDeploymentPostprocessing = 0;
		};
/* End PBXSourcesBuildPhase section */

/* Begin XCBuildConfiguration section */
		233494DF2C7AC75F009447A3 /* Debug */ = {
			isa = XCBuildConfiguration;
			buildSettings = {
				ALWAYS_SEARCH_USER_PATHS = NO;
				ASSETCATALOG_COMPILER_GENERATE_SWIFT_ASSET_SYMBOL_EXTENSIONS = YES;
				CLANG_ANALYZER_NONNULL = YES;
				CLANG_ANALYZER_NUMBER_OBJECT_CONVERSION = YES_AGGRESSIVE;
				CLANG_CXX_LANGUAGE_STANDARD = "gnu++20";
				CLANG_ENABLE_MODULES = YES;
				CLANG_ENABLE_OBJC_ARC = YES;
				CLANG_ENABLE_OBJC_WEAK = YES;
				CLANG_WARN_BLOCK_CAPTURE_AUTORELEASING = YES;
				CLANG_WARN_BOOL_CONVERSION = YES;
				CLANG_WARN_COMMA = YES;
				CLANG_WARN_CONSTANT_CONVERSION = YES;
				CLANG_WARN_DEPRECATED_OBJC_IMPLEMENTATIONS = YES;
				CLANG_WARN_DIRECT_OBJC_ISA_USAGE = YES_ERROR;
				CLANG_WARN_DOCUMENTATION_COMMENTS = YES;
				CLANG_WARN_EMPTY_BODY = YES;
				CLANG_WARN_ENUM_CONVERSION = YES;
				CLANG_WARN_INFINITE_RECURSION = YES;
				CLANG_WARN_INT_CONVERSION = YES;
				CLANG_WARN_NON_LITERAL_NULL_CONVERSION = YES;
				CLANG_WARN_OBJC_IMPLICIT_RETAIN_SELF = YES;
				CLANG_WARN_OBJC_LITERAL_CONVERSION = YES;
				CLANG_WARN_OBJC_ROOT_CLASS = YES_ERROR;
				CLANG_WARN_QUOTED_INCLUDE_IN_FRAMEWORK_HEADER = YES;
				CLANG_WARN_RANGE_LOOP_ANALYSIS = YES;
				CLANG_WARN_STRICT_PROTOTYPES = YES;
				CLANG_WARN_SUSPICIOUS_MOVE = YES;
				CLANG_WARN_UNGUARDED_AVAILABILITY = YES_AGGRESSIVE;
				CLANG_WARN_UNREACHABLE_CODE = YES;
				CLANG_WARN__DUPLICATE_METHOD_MATCH = YES;
				COPY_PHASE_STRIP = NO;
				DEBUG_INFORMATION_FORMAT = dwarf;
				ENABLE_STRICT_OBJC_MSGSEND = YES;
				ENABLE_TESTABILITY = YES;
				ENABLE_USER_SCRIPT_SANDBOXING = YES;
				GCC_C_LANGUAGE_STANDARD = gnu17;
				GCC_DYNAMIC_NO_PIC = NO;
				GCC_NO_COMMON_BLOCKS = YES;
				GCC_OPTIMIZATION_LEVEL = 0;
				GCC_PREPROCESSOR_DEFINITIONS = (
					"DEBUG=1",
					"$(inherited)",
				);
				GCC_WARN_64_TO_32_BIT_CONVERSION = YES;
				GCC_WARN_ABOUT_RETURN_TYPE = YES_ERROR;
				GCC_WARN_UNDECLARED_SELECTOR = YES;
				GCC_WARN_UNINITIALIZED_AUTOS = YES_AGGRESSIVE;
				GCC_WARN_UNUSED_FUNCTION = YES;
				GCC_WARN_UNUSED_VARIABLE = YES;
				IPHONEOS_DEPLOYMENT_TARGET = 17.2;
				LOCALIZATION_PREFERS_STRING_CATALOGS = YES;
				MTL_ENABLE_DEBUG_INFO = INCLUDE_SOURCE;
				MTL_FAST_MATH = YES;
				ONLY_ACTIVE_ARCH = YES;
				SDKROOT = iphoneos;
				SWIFT_ACTIVE_COMPILATION_CONDITIONS = "DEBUG $(inherited)";
				SWIFT_OPTIMIZATION_LEVEL = "-Onone";
			};
			name = Debug;
		};
		233494E02C7AC75F009447A3 /* Release */ = {
			isa = XCBuildConfiguration;
			buildSettings = {
				ALWAYS_SEARCH_USER_PATHS = NO;
				ASSETCATALOG_COMPILER_GENERATE_SWIFT_ASSET_SYMBOL_EXTENSIONS = YES;
				CLANG_ANALYZER_NONNULL = YES;
				CLANG_ANALYZER_NUMBER_OBJECT_CONVERSION = YES_AGGRESSIVE;
				CLANG_CXX_LANGUAGE_STANDARD = "gnu++20";
				CLANG_ENABLE_MODULES = YES;
				CLANG_ENABLE_OBJC_ARC = YES;
				CLANG_ENABLE_OBJC_WEAK = YES;
				CLANG_WARN_BLOCK_CAPTURE_AUTORELEASING = YES;
				CLANG_WARN_BOOL_CONVERSION = YES;
				CLANG_WARN_COMMA = YES;
				CLANG_WARN_CONSTANT_CONVERSION = YES;
				CLANG_WARN_DEPRECATED_OBJC_IMPLEMENTATIONS = YES;
				CLANG_WARN_DIRECT_OBJC_ISA_USAGE = YES_ERROR;
				CLANG_WARN_DOCUMENTATION_COMMENTS = YES;
				CLANG_WARN_EMPTY_BODY = YES;
				CLANG_WARN_ENUM_CONVERSION = YES;
				CLANG_WARN_INFINITE_RECURSION = YES;
				CLANG_WARN_INT_CONVERSION = YES;
				CLANG_WARN_NON_LITERAL_NULL_CONVERSION = YES;
				CLANG_WARN_OBJC_IMPLICIT_RETAIN_SELF = YES;
				CLANG_WARN_OBJC_LITERAL_CONVERSION = YES;
				CLANG_WARN_OBJC_ROOT_CLASS = YES_ERROR;
				CLANG_WARN_QUOTED_INCLUDE_IN_FRAMEWORK_HEADER = YES;
				CLANG_WARN_RANGE_LOOP_ANALYSIS = YES;
				CLANG_WARN_STRICT_PROTOTYPES = YES;
				CLANG_WARN_SUSPICIOUS_MOVE = YES;
				CLANG_WARN_UNGUARDED_AVAILABILITY = YES_AGGRESSIVE;
				CLANG_WARN_UNREACHABLE_CODE = YES;
				CLANG_WARN__DUPLICATE_METHOD_MATCH = YES;
				COPY_PHASE_STRIP = NO;
				DEBUG_INFORMATION_FORMAT = "dwarf-with-dsym";
				ENABLE_NS_ASSERTIONS = NO;
				ENABLE_STRICT_OBJC_MSGSEND = YES;
				ENABLE_USER_SCRIPT_SANDBOXING = YES;
				GCC_C_LANGUAGE_STANDARD = gnu17;
				GCC_NO_COMMON_BLOCKS = YES;
				GCC_WARN_64_TO_32_BIT_CONVERSION = YES;
				GCC_WARN_ABOUT_RETURN_TYPE = YES_ERROR;
				GCC_WARN_UNDECLARED_SELECTOR = YES;
				GCC_WARN_UNINITIALIZED_AUTOS = YES_AGGRESSIVE;
				GCC_WARN_UNUSED_FUNCTION = YES;
				GCC_WARN_UNUSED_VARIABLE = YES;
				IPHONEOS_DEPLOYMENT_TARGET = 17.2;
				LOCALIZATION_PREFERS_STRING_CATALOGS = YES;
				MTL_ENABLE_DEBUG_INFO = NO;
				MTL_FAST_MATH = YES;
				SDKROOT = iphoneos;
				SWIFT_COMPILATION_MODE = wholemodule;
				VALIDATE_PRODUCT = YES;
			};
			name = Release;
		};
		233494E22C7AC75F009447A3 /* Debug */ = {
			isa = XCBuildConfiguration;
			buildSettings = {
				ASSETCATALOG_COMPILER_APPICON_NAME = AppIcon;
				ASSETCATALOG_COMPILER_GLOBAL_ACCENT_COLOR_NAME = AccentColor;
				CODE_SIGN_STYLE = Automatic;
				CURRENT_PROJECT_VERSION = 1;
				DEVELOPMENT_ASSET_PATHS = "\"Stok_Takip/Preview Content\"";
				DEVELOPMENT_TEAM = 89VD7SL339;
				ENABLE_PREVIEWS = YES;
				GENERATE_INFOPLIST_FILE = YES;
				INFOPLIST_FILE = "Stok-Takip-Info.plist";
				INFOPLIST_KEY_NSCameraUsageDescription = "Barkod ile arama yapabilmek için kameraya erişim izni vermeniz gerekmektedir.";
				INFOPLIST_KEY_UIApplicationSceneManifest_Generation = YES;
				INFOPLIST_KEY_UIApplicationSupportsIndirectInputEvents = YES;
				INFOPLIST_KEY_UILaunchScreen_Generation = YES;
				INFOPLIST_KEY_UISupportedInterfaceOrientations_iPad = "UIInterfaceOrientationPortrait UIInterfaceOrientationPortraitUpsideDown UIInterfaceOrientationLandscapeLeft UIInterfaceOrientationLandscapeRight";
				INFOPLIST_KEY_UISupportedInterfaceOrientations_iPhone = "UIInterfaceOrientationPortrait UIInterfaceOrientationLandscapeLeft UIInterfaceOrientationLandscapeRight";
				IPHONEOS_DEPLOYMENT_TARGET = 17.0;
				LD_RUNPATH_SEARCH_PATHS = (
					"$(inherited)",
					"@executable_path/Frameworks",
				);
				MARKETING_VERSION = 1.0;
				PRODUCT_BUNDLE_IDENTIFIER = "pixeldigitalart.co.Stok-Takip";
				PRODUCT_NAME = "$(TARGET_NAME)";
				SWIFT_EMIT_LOC_STRINGS = YES;
				SWIFT_VERSION = 5.0;
				TARGETED_DEVICE_FAMILY = "1,2";
			};
			name = Debug;
		};
		233494E32C7AC75F009447A3 /* Release */ = {
			isa = XCBuildConfiguration;
			buildSettings = {
				ASSETCATALOG_COMPILER_APPICON_NAME = AppIcon;
				ASSETCATALOG_COMPILER_GLOBAL_ACCENT_COLOR_NAME = AccentColor;
				CODE_SIGN_STYLE = Automatic;
				CURRENT_PROJECT_VERSION = 1;
				DEVELOPMENT_ASSET_PATHS = "\"Stok_Takip/Preview Content\"";
				DEVELOPMENT_TEAM = 89VD7SL339;
				ENABLE_PREVIEWS = YES;
				GENERATE_INFOPLIST_FILE = YES;
				INFOPLIST_FILE = "Stok-Takip-Info.plist";
				INFOPLIST_KEY_NSCameraUsageDescription = "Barkod ile arama yapabilmek için kameraya erişim izni vermeniz gerekmektedir.";
				INFOPLIST_KEY_UIApplicationSceneManifest_Generation = YES;
				INFOPLIST_KEY_UIApplicationSupportsIndirectInputEvents = YES;
				INFOPLIST_KEY_UILaunchScreen_Generation = YES;
				INFOPLIST_KEY_UISupportedInterfaceOrientations_iPad = "UIInterfaceOrientationPortrait UIInterfaceOrientationPortraitUpsideDown UIInterfaceOrientationLandscapeLeft UIInterfaceOrientationLandscapeRight";
				INFOPLIST_KEY_UISupportedInterfaceOrientations_iPhone = "UIInterfaceOrientationPortrait UIInterfaceOrientationLandscapeLeft UIInterfaceOrientationLandscapeRight";
				IPHONEOS_DEPLOYMENT_TARGET = 17.0;
				LD_RUNPATH_SEARCH_PATHS = (
					"$(inherited)",
					"@executable_path/Frameworks",
				);
				MARKETING_VERSION = 1.0;
				PRODUCT_BUNDLE_IDENTIFIER = "pixeldigitalart.co.Stok-Takip";
				PRODUCT_NAME = "$(TARGET_NAME)";
				SWIFT_EMIT_LOC_STRINGS = YES;
				SWIFT_VERSION = 5.0;
				TARGETED_DEVICE_FAMILY = "1,2";
			};
			name = Release;
		};
/* End XCBuildConfiguration section */

/* Begin XCConfigurationList section */
		233494CC2C7AC75B009447A3 /* Build configuration list for PBXProject "Stok_Takip" */ = {
			isa = XCConfigurationList;
			buildConfigurations = (
				233494DF2C7AC75F009447A3 /* Debug */,
				233494E02C7AC75F009447A3 /* Release */,
			);
			defaultConfigurationIsVisible = 0;
			defaultConfigurationName = Release;
		};
		233494E12C7AC75F009447A3 /* Build configuration list for PBXNativeTarget "Stok_Takip" */ = {
			isa = XCConfigurationList;
			buildConfigurations = (
				233494E22C7AC75F009447A3 /* Debug */,
				233494E32C7AC75F009447A3 /* Release */,
			);
			defaultConfigurationIsVisible = 0;
			defaultConfigurationName = Release;
		};
/* End XCConfigurationList section */
	};
	rootObject = 233494C92C7AC75B009447A3 /* Project object */;
}
